{
  "object": {
    "pins": [
      {
        "package": "StepperView",
        "repositoryURL": "https://github.com/badrinathvm/StepperView",
        "state": {
          "branch": null,
          "revision": "bfd61d8db6e26a85ce52f8eb56c4f1fa1af0a255",
          "version": "1.1.3"
        }
      }
    ]
  },
  "version": 1
}
