{
  "object": {
    "pins": [
      {
        "package": "StepperView",
        "repositoryURL": "https://github.com/badrinathvm/StepperView",
        "state": {
          "branch": null,
          "revision": "c891f69b86ca80fb11be6ebe613e607fa0c04a53",
          "version": "1.5.1"
        }
      }
    ]
  },
  "version": 1
}
